
Microsoft Visual Studio Solution File, Format Version 12.00
# Visual Studio Version 17
VisualStudioVersion = 17.9.34622.214
MinimumVisualStudioVersion = 10.0.40219.1
Project("{FAE04EC0-301F-11D3-BF4B-00C04F79EFBC}") = "ICPC-BSU-Community.Api", "ICPC-BSU-Community.Api.csproj", "{7075BDDA-5AEC-4BD0-811E-C6C22F5917E4}"
EndProject
Global
	GlobalSection(SolutionConfigurationPlatforms) = preSolution
		Debug|Any CPU = Debug|Any CPU
		Release|Any CPU = Release|Any CPU
	EndGlobalSection
	GlobalSection(ProjectConfigurationPlatforms) = postSolution
		{7075BDDA-5AEC-4BD0-811E-C6C22F5917E4}.Debug|Any CPU.ActiveCfg = Debug|Any CPU
		{7075BDDA-5AEC-4BD0-811E-C6C22F5917E4}.Debug|Any CPU.Build.0 = Debug|Any CPU
		{7075BDDA-5AEC-4BD0-811E-C6C22F5917E4}.Release|Any CPU.ActiveCfg = Release|Any CPU
		{7075BDDA-5AEC-4BD0-811E-C6C22F5917E4}.Release|Any CPU.Build.0 = Release|Any CPU
	EndGlobalSection
	GlobalSection(SolutionProperties) = preSolution
		HideSolutionNode = FALSE
	EndGlobalSection
	GlobalSection(ExtensibilityGlobals) = postSolution
		SolutionGuid = {1456C41D-563E-4DB0-9970-A711F3B2DA31}
	EndGlobalSection
EndGlobal
